
Microsoft Visual Studio Solution File, Format Version 12.00
# Visual Studio Version 17
VisualStudioVersion = 17.4.33122.133
MinimumVisualStudioVersion = 10.0.40219.1
Project("{FAE04EC0-301F-11D3-BF4B-00C04F79EFBC}") = "ExamTimer", "ExamTimer\ExamTimer.csproj", "{B70AEB4A-8971-4D4B-899E-8C2E17D7187E}"
EndProject
Global
	GlobalSection(SolutionConfigurationPlatforms) = preSolution
		Debug|Any CPU = Debug|Any CPU
		Release|Any CPU = Release|Any CPU
	EndGlobalSection
	GlobalSection(ProjectConfigurationPlatforms) = postSolution
		{B70AEB4A-8971-4D4B-899E-8C2E17D7187E}.Debug|Any CPU.ActiveCfg = Debug|Any CPU
		{B70AEB4A-8971-4D4B-899E-8C2E17D7187E}.Debug|Any CPU.Build.0 = Debug|Any CPU
		{B70AEB4A-8971-4D4B-899E-8C2E17D7187E}.Release|Any CPU.ActiveCfg = Release|Any CPU
		{B70AEB4A-8971-4D4B-899E-8C2E17D7187E}.Release|Any CPU.Build.0 = Release|Any CPU
	EndGlobalSection
	GlobalSection(SolutionProperties) = preSolution
		HideSolutionNode = FALSE
	EndGlobalSection
	GlobalSection(ExtensibilityGlobals) = postSolution
		SolutionGuid = {23FD545C-FC82-4476-9C5C-15178B9E8923}
	EndGlobalSection
EndGlobal
